
Microsoft Visual Studio Solution File, Format Version 12.00
# Visual Studio Version 16
VisualStudioVersion = 25.0.1705.4
MinimumVisualStudioVersion = 10.0.40219.1
Project("{FAE04EC0-301F-11D3-BF4B-00C04F79EFBC}") = "EklKibanaExampleWebApi", "EklKibanaExampleWebApi.csproj", "{978345EC-9EAC-4DAA-943E-88336B927105}"
EndProject
Project("{2150E333-8FDC-42A3-9474-1A3956D46DE8}") = "docker-compose", "docker-compose", "{14694FC0-39C7-4930-AAFD-ACD2D2A189A6}"
EndProject
Global
	GlobalSection(SolutionConfigurationPlatforms) = preSolution
		Debug|Any CPU = Debug|Any CPU
		Release|Any CPU = Release|Any CPU
	EndGlobalSection
	GlobalSection(ProjectConfigurationPlatforms) = postSolution
		{978345EC-9EAC-4DAA-943E-88336B927105}.Debug|Any CPU.ActiveCfg = Debug|Any CPU
		{978345EC-9EAC-4DAA-943E-88336B927105}.Debug|Any CPU.Build.0 = Debug|Any CPU
		{978345EC-9EAC-4DAA-943E-88336B927105}.Release|Any CPU.ActiveCfg = Release|Any CPU
		{978345EC-9EAC-4DAA-943E-88336B927105}.Release|Any CPU.Build.0 = Release|Any CPU
	EndGlobalSection
	GlobalSection(SolutionProperties) = preSolution
		HideSolutionNode = FALSE
	EndGlobalSection
	GlobalSection(ExtensibilityGlobals) = postSolution
		SolutionGuid = {B500208F-5D6F-4DE0-A419-1F597912EB21}
	EndGlobalSection
EndGlobal
